
Microsoft Visual Studio Solution File, Format Version 12.00
# Visual Studio Version 16
VisualStudioVersion = 16.0.30204.135
MinimumVisualStudioVersion = 10.0.40219.1
Project("{FAE04EC0-301F-11D3-BF4B-00C04F79EFBC}") = "HowToLiveWithCovid19", "HowToLiveWithCovid19\HowToLiveWithCovid19\HowToLiveWithCovid19.csproj", "{EDFDFC94-E082-4543-888E-4D318A732BDA}"
EndProject
Project("{FAE04EC0-301F-11D3-BF4B-00C04F79EFBC}") = "HowToLiveWithCovid19.Tests", "HowToLiveWithCovid19\HowToLiveWithCovid19.Tests\HowToLiveWithCovid19.Tests.csproj", "{ABB780DF-D8B5-4A60-82E8-5B4DE7DB32D1}"
EndProject
Global
	GlobalSection(SolutionConfigurationPlatforms) = preSolution
		Debug|Any CPU = Debug|Any CPU
		Release|Any CPU = Release|Any CPU
	EndGlobalSection
	GlobalSection(ProjectConfigurationPlatforms) = postSolution
		{EDFDFC94-E082-4543-888E-4D318A732BDA}.Debug|Any CPU.ActiveCfg = Debug|Any CPU
		{EDFDFC94-E082-4543-888E-4D318A732BDA}.Debug|Any CPU.Build.0 = Debug|Any CPU
		{EDFDFC94-E082-4543-888E-4D318A732BDA}.Release|Any CPU.ActiveCfg = Release|Any CPU
		{EDFDFC94-E082-4543-888E-4D318A732BDA}.Release|Any CPU.Build.0 = Release|Any CPU
		{ABB780DF-D8B5-4A60-82E8-5B4DE7DB32D1}.Debug|Any CPU.ActiveCfg = Debug|Any CPU
		{ABB780DF-D8B5-4A60-82E8-5B4DE7DB32D1}.Debug|Any CPU.Build.0 = Debug|Any CPU
		{ABB780DF-D8B5-4A60-82E8-5B4DE7DB32D1}.Release|Any CPU.ActiveCfg = Release|Any CPU
		{ABB780DF-D8B5-4A60-82E8-5B4DE7DB32D1}.Release|Any CPU.Build.0 = Release|Any CPU
	EndGlobalSection
	GlobalSection(SolutionProperties) = preSolution
		HideSolutionNode = FALSE
	EndGlobalSection
	GlobalSection(ExtensibilityGlobals) = postSolution
		SolutionGuid = {8A3B553A-A40F-4C41-A8C2-2E0AB09D07ED}
	EndGlobalSection
EndGlobal
